
Microsoft Visual Studio Solution File, Format Version 12.00
# Visual Studio 15
VisualStudioVersion = 15.0.28307.136
MinimumVisualStudioVersion = 10.0.40219.1
Project("{6EC3EE1D-3C4E-46DD-8F32-0CC8E7565705}") = "Binateq.GpsTrackFilter", "Binateq.GpsTrackFilter\Binateq.GpsTrackFilter.fsproj", "{58613EC4-C154-4427-A770-B4BAEE8FE69E}"
EndProject
Project("{F2A71F9B-5D33-465A-A702-920D77279786}") = "Binateq.GpsTrackFilter.Tests", "Binateq.GpsTrackFilter.Tests\Binateq.GpsTrackFilter.Tests.fsproj", "{9615CD09-F39F-4933-BCEF-915D2FD8F219}"
EndProject
Global
	GlobalSection(SolutionConfigurationPlatforms) = preSolution
		Debug|Any CPU = Debug|Any CPU
		Release|Any CPU = Release|Any CPU
	EndGlobalSection
	GlobalSection(ProjectConfigurationPlatforms) = postSolution
		{58613EC4-C154-4427-A770-B4BAEE8FE69E}.Debug|Any CPU.ActiveCfg = Debug|Any CPU
		{58613EC4-C154-4427-A770-B4BAEE8FE69E}.Debug|Any CPU.Build.0 = Debug|Any CPU
		{58613EC4-C154-4427-A770-B4BAEE8FE69E}.Release|Any CPU.ActiveCfg = Release|Any CPU
		{58613EC4-C154-4427-A770-B4BAEE8FE69E}.Release|Any CPU.Build.0 = Release|Any CPU
		{9615CD09-F39F-4933-BCEF-915D2FD8F219}.Debug|Any CPU.ActiveCfg = Debug|Any CPU
		{9615CD09-F39F-4933-BCEF-915D2FD8F219}.Debug|Any CPU.Build.0 = Debug|Any CPU
		{9615CD09-F39F-4933-BCEF-915D2FD8F219}.Release|Any CPU.ActiveCfg = Release|Any CPU
		{9615CD09-F39F-4933-BCEF-915D2FD8F219}.Release|Any CPU.Build.0 = Release|Any CPU
	EndGlobalSection
	GlobalSection(SolutionProperties) = preSolution
		HideSolutionNode = FALSE
	EndGlobalSection
	GlobalSection(ExtensibilityGlobals) = postSolution
		SolutionGuid = {296CFC83-B535-485C-B511-9705DB1708D2}
	EndGlobalSection
EndGlobal
