
Microsoft Visual Studio Solution File, Format Version 12.00
# Visual Studio Version 16
VisualStudioVersion = 16.0.31205.134
MinimumVisualStudioVersion = 10.0.40219.1
Project("{6EC3EE1D-3C4E-46DD-8F32-0CC8E7565705}") = "Binateq.GpsTrackFilter", "Binateq.GpsTrackFilter\Binateq.GpsTrackFilter.fsproj", "{58613EC4-C154-4427-A770-B4BAEE8FE69E}"
EndProject
Project("{9A19103F-16F7-4668-BE54-9A1E7A4F7556}") = "Binateq.GpsTrackFilter.Demo", "Binateq.GpsTrackFilter.Demo\Binateq.GpsTrackFilter.Demo.csproj", "{56D2989B-A0C5-4101-828E-CC509BA65FA0}"
EndProject
Project("{6EC3EE1D-3C4E-46DD-8F32-0CC8E7565705}") = "Binateq.GpsTrackFilter.Tests", "Binateq.GpsTrackFilter.Tests\Binateq.GpsTrackFilter.Tests.fsproj", "{CBC60F6D-6659-45DA-9E1B-C446AEE6A30B}"
EndProject
Project("{9A19103F-16F7-4668-BE54-9A1E7A4F7556}") = "Binateq.GpsTrackFilter.Viewer", "Binateq.GpsTrackFilter.Viewer\Binateq.GpsTrackFilter.Viewer.csproj", "{BA97E598-2ABD-4A04-BB39-1CA3C5476D72}"
EndProject
Global
	GlobalSection(SolutionConfigurationPlatforms) = preSolution
		Debug|Any CPU = Debug|Any CPU
		Release|Any CPU = Release|Any CPU
	EndGlobalSection
	GlobalSection(ProjectConfigurationPlatforms) = postSolution
		{58613EC4-C154-4427-A770-B4BAEE8FE69E}.Debug|Any CPU.ActiveCfg = Debug|Any CPU
		{58613EC4-C154-4427-A770-B4BAEE8FE69E}.Debug|Any CPU.Build.0 = Debug|Any CPU
		{58613EC4-C154-4427-A770-B4BAEE8FE69E}.Release|Any CPU.ActiveCfg = Release|Any CPU
		{58613EC4-C154-4427-A770-B4BAEE8FE69E}.Release|Any CPU.Build.0 = Release|Any CPU
		{56D2989B-A0C5-4101-828E-CC509BA65FA0}.Debug|Any CPU.ActiveCfg = Debug|Any CPU
		{56D2989B-A0C5-4101-828E-CC509BA65FA0}.Debug|Any CPU.Build.0 = Debug|Any CPU
		{56D2989B-A0C5-4101-828E-CC509BA65FA0}.Release|Any CPU.ActiveCfg = Release|Any CPU
		{56D2989B-A0C5-4101-828E-CC509BA65FA0}.Release|Any CPU.Build.0 = Release|Any CPU
		{CBC60F6D-6659-45DA-9E1B-C446AEE6A30B}.Debug|Any CPU.ActiveCfg = Debug|Any CPU
		{CBC60F6D-6659-45DA-9E1B-C446AEE6A30B}.Debug|Any CPU.Build.0 = Debug|Any CPU
		{CBC60F6D-6659-45DA-9E1B-C446AEE6A30B}.Release|Any CPU.ActiveCfg = Release|Any CPU
		{CBC60F6D-6659-45DA-9E1B-C446AEE6A30B}.Release|Any CPU.Build.0 = Release|Any CPU
		{BA97E598-2ABD-4A04-BB39-1CA3C5476D72}.Debug|Any CPU.ActiveCfg = Debug|Any CPU
		{BA97E598-2ABD-4A04-BB39-1CA3C5476D72}.Debug|Any CPU.Build.0 = Debug|Any CPU
		{BA97E598-2ABD-4A04-BB39-1CA3C5476D72}.Release|Any CPU.ActiveCfg = Release|Any CPU
		{BA97E598-2ABD-4A04-BB39-1CA3C5476D72}.Release|Any CPU.Build.0 = Release|Any CPU
	EndGlobalSection
	GlobalSection(SolutionProperties) = preSolution
		HideSolutionNode = FALSE
	EndGlobalSection
	GlobalSection(ExtensibilityGlobals) = postSolution
		SolutionGuid = {296CFC83-B535-485C-B511-9705DB1708D2}
	EndGlobalSection
EndGlobal
